# dev-context ad967220b81228f3c3875dfc4c2ac5089176a4a3
15e09e13abccd916366ce81a2ec5c767527a26f7ffa8e05a41bf1a143890e658  codefix-implement-result.schema.json
ad263045300eaf19ecbb7b3395dee18616c649bc55aabb8e7cf6d88603a3ec71  codefix-plan-result.schema.json
3ddea90e80a1cb405429f28ff547102eea8fba102c77e972ba56266ab83626c2  codefix-request.schema.json
0529921c39a976131f7923ec27d1a6031e406195b10044f22b488cc23587c398  repos.schema.json
315bd6152a3bcb7b9f2fe1550d15f6807c3bfb8124d3f3f791c661d991664deb  samples/invalid/implement-result-pr-zero.json
a788e9350de330170ecc84975c8e8327941c92e7d44498f12ce8fb3371b6ba0f  samples/invalid/implement-result-wrong-phase.json
e2efe285e5822bd104f3acd1a9aa5e70ca099cf99d01df3fb1d276e7f8f5c390  samples/invalid/plan-result-bad-outcome.json
7d5ad4e62a74436f65c9abb0598c6e288262c1900636be5995d50b06bd333575  samples/invalid/plan-result-unknown-member.json
aa35e661837c6f77f1129f91f6dcc8eb68d2c507406f5767abeaef72e57b0134  samples/invalid/request-foreign-branch.json
45a88ac4a6370c0d8c49e739465ae66e6c194cedf18882569f80387e58ac1aac  samples/invalid/request-missing-budget.json
d905cc72333b9bdb0ea3e1ecbc8b4888a12b5d111e70e52a86a7995b47d1e3da  samples/valid/implement-result.json
4adff0d2b0c88e6ae831407ffdfd1d76cd957b90088d9d3f116f56f8ebb47bbd  samples/valid/plan-result.json
e50a5f133798518d120297a365ca7a02c090c679ffcfa185fb8daa92ecb8ba38  samples/valid/request-implement.json
c6f20f068eb848b73ad3cb4a478ebe99ea13e7aca0dee04e140808aabbea8aad  samples/valid/request-plan.json
