<Solution>
  <Folder Name="/src/">
    <Project Path="src/Hephaisto.Agent/Hephaisto.Agent.csproj" />
    <Project Path="src/Hephaisto.AppHost/Hephaisto.AppHost.csproj" />
    <Project Path="src/Hephaisto.Core/Hephaisto.Core.csproj" />
    <Project Path="src/Hephaisto.ServiceDefaults/Hephaisto.ServiceDefaults.csproj" />
    <Project Path="src/Hephaisto.Simulator/Hephaisto.Simulator.csproj" />
  </Folder>
  <Folder Name="/tests/">
    <Project Path="tests/Hephaisto.Tests/Hephaisto.Tests.csproj" />
  </Folder>
</Solution>
