<Solution>
  <Folder Name="/src/">
    <Project Path="src/Watchtower.Agent/Watchtower.Agent.csproj" />
    <Project Path="src/Watchtower.AppHost/Watchtower.AppHost.csproj" />
    <Project Path="src/Watchtower.Core/Watchtower.Core.csproj" />
    <Project Path="src/Watchtower.ServiceDefaults/Watchtower.ServiceDefaults.csproj" />
    <Project Path="src/Watchtower.Simulator/Watchtower.Simulator.csproj" />
  </Folder>
  <Folder Name="/tests/">
    <Project Path="tests/Watchtower.Tests/Watchtower.Tests.csproj" />
  </Folder>
</Solution>
