# dev-context 154c78c543f23a778fd35c4faa0498171596faa1
15e09e13abccd916366ce81a2ec5c767527a26f7ffa8e05a41bf1a143890e658  codefix-implement-result.schema.json
ad263045300eaf19ecbb7b3395dee18616c649bc55aabb8e7cf6d88603a3ec71  codefix-plan-result.schema.json
b30c5e8b449d5b9d7482ca5c04f270c1bbb4661bc74d293353cf5196002281d5  codefix-request.schema.json
bc2a7bbc9afc809201c55ea3d59873b01dab625dc6701843f498fb1105a46c3b  investigate-request.schema.json
9ee633de03f5e759e64c3fc765574bb75cafa9b246ebc8d43e6869ef95d7a63b  investigate-result.schema.json
0529921c39a976131f7923ec27d1a6031e406195b10044f22b488cc23587c398  repos.schema.json
315bd6152a3bcb7b9f2fe1550d15f6807c3bfb8124d3f3f791c661d991664deb  samples/invalid/implement-result-pr-zero.json
a788e9350de330170ecc84975c8e8327941c92e7d44498f12ce8fb3371b6ba0f  samples/invalid/implement-result-wrong-phase.json
f524a9af578c96163445c157ce7a9d466713bf1b7a94e9ef3ca46aa5eda7523c  samples/invalid/investigate-request-missing-max-turns.json
159fd96ff11513fde7aff40682e7ebd2e54f9bb8a75b89f3581ed03eb6633b62  samples/invalid/investigate-request-short-token.json
8cd5841468f418485cf2bb01d45671beae419c6740af9baf101d9c3989fb486f  samples/invalid/investigate-request-wrong-phase.json
33e5ce827170e63179573a712647a3109a64fabdf8fa639818634886bf229c09  samples/invalid/investigate-result-bad-outcome.json
5ea1cc5c4a0a10f404e8d96892f4ed096e979028f1e14b1dbf73311ddb17e6ec  samples/invalid/investigate-result-code-ref-line-zero.json
345447188ede6a0df5bafbf47584ca59ca87ffd71729bdce36673d6e55a9c8be  samples/invalid/investigate-result-unknown-member.json
e2efe285e5822bd104f3acd1a9aa5e70ca099cf99d01df3fb1d276e7f8f5c390  samples/invalid/plan-result-bad-outcome.json
7d5ad4e62a74436f65c9abb0598c6e288262c1900636be5995d50b06bd333575  samples/invalid/plan-result-unknown-member.json
aa35e661837c6f77f1129f91f6dcc8eb68d2c507406f5767abeaef72e57b0134  samples/invalid/request-foreign-branch.json
45a88ac4a6370c0d8c49e739465ae66e6c194cedf18882569f80387e58ac1aac  samples/invalid/request-missing-budget.json
d905cc72333b9bdb0ea3e1ecbc8b4888a12b5d111e70e52a86a7995b47d1e3da  samples/valid/implement-result.json
2b5dfd3647be3b2445446c96d472c9afc780d6f27a77ef28b6850e851f5e3f74  samples/valid/investigate-request-no-source.json
264316cf597e4445d28269a007501d9389acc94a6f1f11eab391d73b8dd215d9  samples/valid/investigate-request.json
179aa212fe72972ffa2404210dc8989a5f613b95451b0e5f3479131ed2abacbd  samples/valid/investigate-result-failed.json
34e7cddd2527c181c8d9ef5c084117e783e6080ae7b81254107177849743df17  samples/valid/investigate-result.json
4adff0d2b0c88e6ae831407ffdfd1d76cd957b90088d9d3f116f56f8ebb47bbd  samples/valid/plan-result.json
e50a5f133798518d120297a365ca7a02c090c679ffcfa185fb8daa92ecb8ba38  samples/valid/request-implement.json
c6f20f068eb848b73ad3cb4a478ebe99ea13e7aca0dee04e140808aabbea8aad  samples/valid/request-plan.json
