# dev-context 29922664c8ff990c7d0301ddcd1913fbf527e5c0
15e09e13abccd916366ce81a2ec5c767527a26f7ffa8e05a41bf1a143890e658  codefix-implement-result.schema.json
d0a6de3d0d956fc55bd06d42147987800317f0c611a0e90dbb10120ec9e3b0e9  codefix-plan-result.schema.json
1becc294d45da90fd7b11056328de1b4fa4c87eff8568a27466b03c607c4c4fc  codefix-request-v2.schema.json
b30c5e8b449d5b9d7482ca5c04f270c1bbb4661bc74d293353cf5196002281d5  codefix-request.schema.json
bc2a7bbc9afc809201c55ea3d59873b01dab625dc6701843f498fb1105a46c3b  investigate-request.schema.json
9ee633de03f5e759e64c3fc765574bb75cafa9b246ebc8d43e6869ef95d7a63b  investigate-result.schema.json
46c64cfdf8dff9f752a999dd9f8bf32a8287ab6170da8c59e05cb80cc36f452d  repos.schema.json
315bd6152a3bcb7b9f2fe1550d15f6807c3bfb8124d3f3f791c661d991664deb  samples/invalid/implement-result-pr-zero.json
a788e9350de330170ecc84975c8e8327941c92e7d44498f12ce8fb3371b6ba0f  samples/invalid/implement-result-wrong-phase.json
f524a9af578c96163445c157ce7a9d466713bf1b7a94e9ef3ca46aa5eda7523c  samples/invalid/investigate-request-missing-max-turns.json
159fd96ff11513fde7aff40682e7ebd2e54f9bb8a75b89f3581ed03eb6633b62  samples/invalid/investigate-request-short-token.json
8cd5841468f418485cf2bb01d45671beae419c6740af9baf101d9c3989fb486f  samples/invalid/investigate-request-wrong-phase.json
33e5ce827170e63179573a712647a3109a64fabdf8fa639818634886bf229c09  samples/invalid/investigate-result-bad-outcome.json
5ea1cc5c4a0a10f404e8d96892f4ed096e979028f1e14b1dbf73311ddb17e6ec  samples/invalid/investigate-result-code-ref-line-zero.json
345447188ede6a0df5bafbf47584ca59ca87ffd71729bdce36673d6e55a9c8be  samples/invalid/investigate-result-unknown-member.json
e2efe285e5822bd104f3acd1a9aa5e70ca099cf99d01df3fb1d276e7f8f5c390  samples/invalid/plan-result-bad-outcome.json
9a0a1e495370ad7028259b2a6837b0784f6cf56947a139b0a778a50c43e9cf98  samples/invalid/plan-result-eleven-questions.json
89f0f8da20c0ca97b38f3044e6bcd725f1af1e8a03b28611d75db092fac8f56e  samples/invalid/plan-result-question-too-long.json
7d5ad4e62a74436f65c9abb0598c6e288262c1900636be5995d50b06bd333575  samples/invalid/plan-result-unknown-member.json
aa35e661837c6f77f1129f91f6dcc8eb68d2c507406f5767abeaef72e57b0134  samples/invalid/request-foreign-branch.json
45a88ac4a6370c0d8c49e739465ae66e6c194cedf18882569f80387e58ac1aac  samples/invalid/request-missing-budget.json
cd7769173aa5d1aa9523f531159a2f53e6ba2cd379f4f10639f3b4a5a8096b0d  samples/invalid/request-v2-missing-work-item.json
e5a9c8899a1938606a31afb40b60d2364eb87d7698746d3ec53d61fd7cf2b6a6  samples/invalid/request-v2-number-zero.json
cb0be28000595af7ad3ce32023edee87437e0312b4876d7c6611a2f75700885e  samples/invalid/request-v2-previous-unknown-member.json
9291e27543f5d38ffbf3bfe545289c8177e8418e70b0c66cdb27bf5df4ad7995  samples/invalid/request-v2-previous-without-questions.json
4bf38f4c34dc7939a110606edd499c4bfcae9cfa996e04dad98872430231351a  samples/invalid/request-v2-repository-is-a-url.json
11d19810a7e5899d48c77862ebdbb9fc97a3b4b30e0d30148f97447aee4f278e  samples/invalid/request-v2-with-incident-id.json
d905cc72333b9bdb0ea3e1ecbc8b4888a12b5d111e70e52a86a7995b47d1e3da  samples/valid/implement-result.json
2b5dfd3647be3b2445446c96d472c9afc780d6f27a77ef28b6850e851f5e3f74  samples/valid/investigate-request-no-source.json
264316cf597e4445d28269a007501d9389acc94a6f1f11eab391d73b8dd215d9  samples/valid/investigate-request.json
179aa212fe72972ffa2404210dc8989a5f613b95451b0e5f3479131ed2abacbd  samples/valid/investigate-result-failed.json
34e7cddd2527c181c8d9ef5c084117e783e6080ae7b81254107177849743df17  samples/valid/investigate-result.json
249b4d7955fa797d9dc81dc836051593e38f26f5b5f6dce1a600e1b0748a10f0  samples/valid/plan-result-questions.json
4adff0d2b0c88e6ae831407ffdfd1d76cd957b90088d9d3f116f56f8ebb47bbd  samples/valid/plan-result.json
e50a5f133798518d120297a365ca7a02c090c679ffcfa185fb8daa92ecb8ba38  samples/valid/request-implement.json
c6f20f068eb848b73ad3cb4a478ebe99ea13e7aca0dee04e140808aabbea8aad  samples/valid/request-plan.json
7c09531e59062cfa236bfe7944d55fbc8ea3add6abb6beaf2f9dcf056f55da0c  samples/valid/request-v2-implement.json
dc59a00b21fd64db7c2a1c6f6d46b4f4a67a919b683c574558de1b02a1c08f48  samples/valid/request-v2-plan.json
6effc2f1236e6930df232e8cd8b4db9f1c3cfcecd743c26348b7535cffc6443f  samples/valid/request-v2-replan.json
